{
  "version": 4,
  "terraform_version": "1.8.4",
  "serial": 21,
  "lineage": "b612bd0e-9b7a-3d3a-07eb-511bf2466f7f",
  "outputs": {},
  "resources": [
    {
      "module": "module.key",
      "mode": "managed",
      "type": "aws_key_pair",
      "name": "aws_key",
      "provider": "provider[\"registry.terraform.io/hashicorp/aws\"]",
      "instances": [
        {
          "schema_version": 1,
          "attributes": {
            "arn": "arn:aws:ec2:us-east-1:992382780355:key-pair/terraform",
            "fingerprint": "9e:88:52:1e:1f:7f:9f:4e:61:19:0d:e0:9c:5f:b0:88",
            "id": "terraform",
            "key_name": "terraform",
            "key_name_prefix": "",
            "key_pair_id": "key-0b02072128eae1851",
            "key_type": "rsa",
            "public_key": "ssh-rsa AAAAB3NzaC1yc2EAAAADAQABAAABAQDnKVhYudMcs26RM/MxCWoVfC24XypUppeBd2P4x3oOR/HqyRyqN0n7GzwcB5jqFyPbvXwPWYN5Xx0kry/ZqUWAAdnd4awjXYkxpXq1qxaBgyjhRyaflZUdBkQAHWykhWq0K6s3xjQFy2aYkg0YLeQYmJHCqUvzCsgUZTh3KgKiH5b3bPKdpk9NumXLywG8hn4ia425cXDr0Yy+OzwbKUciT4mH+NXFajd3IeqzuOQGEHU3LZtaRU0vLcABep2LCJi8gw5RN5lb4ILHxFUBLmkBZVGa7n1Xi4ht5cG+oByoV3TaH/W5hQKOci/jhHYLsu0sf0ZIeduYXakS+xZmJYjh",
            "tags": null,
            "tags_all": {}
          },
          "sensitive_attributes": [],
          "private": "eyJzY2hlbWFfdmVyc2lvbiI6IjEifQ==",
          "dependencies": [
            "module.key.tls_private_key.ec2_key"
          ]
        }
      ]
    },
    {
      "module": "module.key",
      "mode": "managed",
      "type": "local_file",
      "name": "ssh_key",
      "provider": "provider[\"registry.terraform.io/hashicorp/local\"]",
      "instances": [
        {
          "schema_version": 0,
          "attributes": {
            "content": "-----BEGIN RSA PRIVATE KEY-----\nMIIEpAIBAAKCAQEA5ylYWLnTHLNukTPzMQlqFXwtuF8qVKaXgXdj+Md6Dkfx6skc\nqjdJ+xs8HAeY6hcj2718D1mDeV8dJK8v2alFgAHZ3eGsI12JMaV6tasWgYMo4Ucm\nn5WVHQZEAB1spIVqtCurN8Y0BctmmJINGC3kGJiRwqlL8wrIFGU4dyoCoh+W92zy\nnaZPTbply8sBvIZ+ImuNuXFw69GMvjs8GylHIk+Jh/jVxWo3dyHqs7jkBhB1Ny2b\nWkVNLy3AAXqdiwiYvIMOUTeZW+CCx8RVAS5pAWVRmu59V4uIbeXBvqAcqFd02h/1\nuYUCjnIv44R2C7LtLH9GSHnbmF2pEvsWZiWI4QIDAQABAoIBAFU+wf22SUwEP3n8\nlmo29pAFwzaCobGl3ak4xf0wUqqBjYzvrUp4KSgY2wnbI2DwN6EJN37Rm9JeaPjm\nQdcavS5/gEB6wGgqTjWouJ/V/+6y15h8DJo9J0gUz27bav0g1kCq+fEPfo/Eeok5\nEusfwUXwvY/zrrZp+27KBRCsxVvTZtZOa3EnG8q+0WYK8A4ocpZEUUALAR9HyrEo\n+PnBAjMX+ZPaURP6OlKnMi9lLryAFEjMpr9x/wI0/EidgU9Dz1uV0rAIE5qLEro3\nE4QRhZWrQp95tpnhv7a5NWPXCK5KDbD2Oz3PYFJ6myUzSw+SWyLBzuvJFt/flloZ\nqXJsyAECgYEA6HuQ+TPfcrk66Hl/Sr1TKdyVzgbudOt8kmFesRgU7nxitVf9Nstc\nTE8wD7uK3wwbNu0/dE2FItjCaQcWd5CEAPGnhZB4anH86QFdpi7qX3Mp6KOTbE5p\nSRtITA3BqIjJ0KHJdnyzT+YN9JhSO1fQQRqgxDA90LeDTI7GzrZJMFECgYEA/ouQ\ntNzpYhxkwKNuTxgGJ6DbhCndjyu1j5R/OLNRZuz/wtwiNdUSmOgI2nnWwcJ3OfUu\nItqpTUptun0KpHHyg/g5MLsKOXp4Q4nK9FwVqr1sYwFk1QBm3rbEpp4CgUlNHLBJ\n04LfG0rOsL7iD/aaceJHD0wYbGdvxu6jQIaGu5ECgYEAxYxid2/duvWtGehMAy13\nooW/gg+fxxhnhVdaCHAnMTPfCKuZDlultW5Ar820Rq5Z3cWh+uj4bdD0+hw8uiLC\nGK8/o55MxF7SAwjXFCSfobYRcY618f17N9UIDSBPZC/AFhm0QIvcLtOVHjflAGox\nG3FOFQfNLzMRThew1exNqtECgYBJNZjT++l/10y+/wI961nx0djw5R2dDOQ2PG5u\nv1w9LxLMV4XbV8H2il3pgDtdFPI3kCXJznv9B9gRV99UtpUakazZMCJbr7ahLiNa\nLpXounxO6Vq3zFrJ2WUryqxLxOpRwv4owC4s6lISEYRxNOrssDjh1G/91a4XWBFK\nAKcFkQKBgQDV69jDcYRY8IP82R17viNz43G3BQHmsD0imAHAfmzA/adsUP3UL0mH\ntyWsUvug/vXO3feu6cwUXHui+algpvPsSDBny8UdhM+7lBd5GH5dIpDWwjrqpTaq\nMXYRgPUfoTqA0GKhFsDHY+k4+PiIJL6R6epW1jNirX30M354NZ74Cw==\n-----END RSA PRIVATE KEY-----\n",
            "content_base64": null,
            "content_base64sha256": "pw1OiI1hHT8283iF48c1QsZn7p9lUmnHEc2bsh/jGis=",
            "content_base64sha512": "hMu9UXk91BUtx6vRaEVDk8cy4fyRZIso/gsjIB2JEqpEL36WkLttK97niqsztrmOzZranE8j4uV/pKDtJf7k8w==",
            "content_md5": "2985ad7c927c139b8557f5bc6e49647f",
            "content_sha1": "6f18fdfa33238ab675924e0640c52a7c47c141c5",
            "content_sha256": "a70d4e888d611d3f36f37885e3c73542c667ee9f655269c711cd9bb21fe31a2b",
            "content_sha512": "84cbbd51793dd4152dc7abd168454393c732e1fc91648b28fe0b23201d8912aa442f7e9690bb6d2bdee78aab33b6b98ecd9ada9c4f23e2e57fa4a0ed25fee4f3",
            "directory_permission": "0777",
            "file_permission": "0777",
            "filename": "terraform.pem",
            "id": "6f18fdfa33238ab675924e0640c52a7c47c141c5",
            "sensitive_content": null,
            "source": null
          },
          "sensitive_attributes": [
            [
              {
                "type": "get_attr",
                "value": "content"
              }
            ],
            [
              {
                "type": "get_attr",
                "value": "sensitive_content"
              }
            ]
          ],
          "dependencies": [
            "module.key.tls_private_key.ec2_key"
          ]
        }
      ]
    },
    {
      "module": "module.key",
      "mode": "managed",
      "type": "tls_private_key",
      "name": "ec2_key",
      "provider": "provider[\"registry.terraform.io/hashicorp/tls\"]",
      "instances": [
        {
          "schema_version": 1,
          "attributes": {
            "algorithm": "RSA",
            "ecdsa_curve": "P224",
            "id": "3e2693aaffc102b3142c175801de356d9dffb663",
            "private_key_openssh": "-----BEGIN OPENSSH PRIVATE KEY-----\nb3BlbnNzaC1rZXktdjEAAAAABG5vbmUAAAAEbm9uZQAAAAAAAAABAAABFwAAAAdz\nc2gtcnNhAAAAAwEAAQAAAQEA5ylYWLnTHLNukTPzMQlqFXwtuF8qVKaXgXdj+Md6\nDkfx6skcqjdJ+xs8HAeY6hcj2718D1mDeV8dJK8v2alFgAHZ3eGsI12JMaV6tasW\ngYMo4Ucmn5WVHQZEAB1spIVqtCurN8Y0BctmmJINGC3kGJiRwqlL8wrIFGU4dyoC\noh+W92zynaZPTbply8sBvIZ+ImuNuXFw69GMvjs8GylHIk+Jh/jVxWo3dyHqs7jk\nBhB1Ny2bWkVNLy3AAXqdiwiYvIMOUTeZW+CCx8RVAS5pAWVRmu59V4uIbeXBvqAc\nqFd02h/1uYUCjnIv44R2C7LtLH9GSHnbmF2pEvsWZiWI4QAAA7jT0m2e09JtngAA\nAAdzc2gtcnNhAAABAQDnKVhYudMcs26RM/MxCWoVfC24XypUppeBd2P4x3oOR/Hq\nyRyqN0n7GzwcB5jqFyPbvXwPWYN5Xx0kry/ZqUWAAdnd4awjXYkxpXq1qxaBgyjh\nRyaflZUdBkQAHWykhWq0K6s3xjQFy2aYkg0YLeQYmJHCqUvzCsgUZTh3KgKiH5b3\nbPKdpk9NumXLywG8hn4ia425cXDr0Yy+OzwbKUciT4mH+NXFajd3IeqzuOQGEHU3\nLZtaRU0vLcABep2LCJi8gw5RN5lb4ILHxFUBLmkBZVGa7n1Xi4ht5cG+oByoV3Ta\nH/W5hQKOci/jhHYLsu0sf0ZIeduYXakS+xZmJYjhAAAAAwEAAQAAAQBVPsH9tklM\nBD95/JZqNvaQBcM2gqGxpd2pOMX9MFKqgY2M761KeCkoGNsJ2yNg8DehCTd+0ZvS\nXmj45kHXGr0uf4BAesBoKk41qLif1f/usteYfAyaPSdIFM9u22r9INZAqvnxD36P\nxHqJORLrH8FF8L2P8662aftuygUQrMVb02bWTmtxJxvKvtFmCvAOKHKWRFFACwEf\nR8qxKPj5wQIzF/mT2lET+jpSpzIvZS68gBRIzKa/cf8CNPxInYFPQ89bldKwCBOa\nixK6NxOEEYWVq0KfebaZ4b+2uTVj1wiuSg2w9js9z2BSepslM0sPklsiwc7ryRbf\n35ZaGalybMgBAAAAgQDV69jDcYRY8IP82R17viNz43G3BQHmsD0imAHAfmzA/ads\nUP3UL0mHtyWsUvug/vXO3feu6cwUXHui+algpvPsSDBny8UdhM+7lBd5GH5dIpDW\nwjrqpTaqMXYRgPUfoTqA0GKhFsDHY+k4+PiIJL6R6epW1jNirX30M354NZ74CwAA\nAIEA6HuQ+TPfcrk66Hl/Sr1TKdyVzgbudOt8kmFesRgU7nxitVf9NstcTE8wD7uK\n3wwbNu0/dE2FItjCaQcWd5CEAPGnhZB4anH86QFdpi7qX3Mp6KOTbE5pSRtITA3B\nqIjJ0KHJdnyzT+YN9JhSO1fQQRqgxDA90LeDTI7GzrZJMFEAAACBAP6LkLTc6WIc\nZMCjbk8YBieg24Qp3Y8rtY+UfzizUWbs/8LcIjXVEpjoCNp51sHCdzn1LiLaqU1K\nbbp9CqRx8oP4OTC7Cjl6eEOJyvRcFaq9bGMBZNUAZt62xKaeAoFJTRywSdOC3xtK\nzrC+4g/2mnHiRw9MGGxnb8buo0CGhruRAAAAAAEC\n-----END OPENSSH PRIVATE KEY-----\n",
            "private_key_pem": "-----BEGIN RSA PRIVATE KEY-----\nMIIEpAIBAAKCAQEA5ylYWLnTHLNukTPzMQlqFXwtuF8qVKaXgXdj+Md6Dkfx6skc\nqjdJ+xs8HAeY6hcj2718D1mDeV8dJK8v2alFgAHZ3eGsI12JMaV6tasWgYMo4Ucm\nn5WVHQZEAB1spIVqtCurN8Y0BctmmJINGC3kGJiRwqlL8wrIFGU4dyoCoh+W92zy\nnaZPTbply8sBvIZ+ImuNuXFw69GMvjs8GylHIk+Jh/jVxWo3dyHqs7jkBhB1Ny2b\nWkVNLy3AAXqdiwiYvIMOUTeZW+CCx8RVAS5pAWVRmu59V4uIbeXBvqAcqFd02h/1\nuYUCjnIv44R2C7LtLH9GSHnbmF2pEvsWZiWI4QIDAQABAoIBAFU+wf22SUwEP3n8\nlmo29pAFwzaCobGl3ak4xf0wUqqBjYzvrUp4KSgY2wnbI2DwN6EJN37Rm9JeaPjm\nQdcavS5/gEB6wGgqTjWouJ/V/+6y15h8DJo9J0gUz27bav0g1kCq+fEPfo/Eeok5\nEusfwUXwvY/zrrZp+27KBRCsxVvTZtZOa3EnG8q+0WYK8A4ocpZEUUALAR9HyrEo\n+PnBAjMX+ZPaURP6OlKnMi9lLryAFEjMpr9x/wI0/EidgU9Dz1uV0rAIE5qLEro3\nE4QRhZWrQp95tpnhv7a5NWPXCK5KDbD2Oz3PYFJ6myUzSw+SWyLBzuvJFt/flloZ\nqXJsyAECgYEA6HuQ+TPfcrk66Hl/Sr1TKdyVzgbudOt8kmFesRgU7nxitVf9Nstc\nTE8wD7uK3wwbNu0/dE2FItjCaQcWd5CEAPGnhZB4anH86QFdpi7qX3Mp6KOTbE5p\nSRtITA3BqIjJ0KHJdnyzT+YN9JhSO1fQQRqgxDA90LeDTI7GzrZJMFECgYEA/ouQ\ntNzpYhxkwKNuTxgGJ6DbhCndjyu1j5R/OLNRZuz/wtwiNdUSmOgI2nnWwcJ3OfUu\nItqpTUptun0KpHHyg/g5MLsKOXp4Q4nK9FwVqr1sYwFk1QBm3rbEpp4CgUlNHLBJ\n04LfG0rOsL7iD/aaceJHD0wYbGdvxu6jQIaGu5ECgYEAxYxid2/duvWtGehMAy13\nooW/gg+fxxhnhVdaCHAnMTPfCKuZDlultW5Ar820Rq5Z3cWh+uj4bdD0+hw8uiLC\nGK8/o55MxF7SAwjXFCSfobYRcY618f17N9UIDSBPZC/AFhm0QIvcLtOVHjflAGox\nG3FOFQfNLzMRThew1exNqtECgYBJNZjT++l/10y+/wI961nx0djw5R2dDOQ2PG5u\nv1w9LxLMV4XbV8H2il3pgDtdFPI3kCXJznv9B9gRV99UtpUakazZMCJbr7ahLiNa\nLpXounxO6Vq3zFrJ2WUryqxLxOpRwv4owC4s6lISEYRxNOrssDjh1G/91a4XWBFK\nAKcFkQKBgQDV69jDcYRY8IP82R17viNz43G3BQHmsD0imAHAfmzA/adsUP3UL0mH\ntyWsUvug/vXO3feu6cwUXHui+algpvPsSDBny8UdhM+7lBd5GH5dIpDWwjrqpTaq\nMXYRgPUfoTqA0GKhFsDHY+k4+PiIJL6R6epW1jNirX30M354NZ74Cw==\n-----END RSA PRIVATE KEY-----\n",
            "private_key_pem_pkcs8": "-----BEGIN PRIVATE KEY-----\nMIIEvgIBADANBgkqhkiG9w0BAQEFAASCBKgwggSkAgEAAoIBAQDnKVhYudMcs26R\nM/MxCWoVfC24XypUppeBd2P4x3oOR/HqyRyqN0n7GzwcB5jqFyPbvXwPWYN5Xx0k\nry/ZqUWAAdnd4awjXYkxpXq1qxaBgyjhRyaflZUdBkQAHWykhWq0K6s3xjQFy2aY\nkg0YLeQYmJHCqUvzCsgUZTh3KgKiH5b3bPKdpk9NumXLywG8hn4ia425cXDr0Yy+\nOzwbKUciT4mH+NXFajd3IeqzuOQGEHU3LZtaRU0vLcABep2LCJi8gw5RN5lb4ILH\nxFUBLmkBZVGa7n1Xi4ht5cG+oByoV3TaH/W5hQKOci/jhHYLsu0sf0ZIeduYXakS\n+xZmJYjhAgMBAAECggEAVT7B/bZJTAQ/efyWajb2kAXDNoKhsaXdqTjF/TBSqoGN\njO+tSngpKBjbCdsjYPA3oQk3ftGb0l5o+OZB1xq9Ln+AQHrAaCpONai4n9X/7rLX\nmHwMmj0nSBTPbttq/SDWQKr58Q9+j8R6iTkS6x/BRfC9j/Outmn7bsoFEKzFW9Nm\n1k5rcScbyr7RZgrwDihylkRRQAsBH0fKsSj4+cECMxf5k9pRE/o6UqcyL2UuvIAU\nSMymv3H/AjT8SJ2BT0PPW5XSsAgTmosSujcThBGFlatCn3m2meG/trk1Y9cIrkoN\nsPY7Pc9gUnqbJTNLD5JbIsHO68kW39+WWhmpcmzIAQKBgQDoe5D5M99yuTroeX9K\nvVMp3JXOBu5063ySYV6xGBTufGK1V/02y1xMTzAPu4rfDBs27T90TYUi2MJpBxZ3\nkIQA8aeFkHhqcfzpAV2mLupfcynoo5NsTmlJG0hMDcGoiMnQocl2fLNP5g30mFI7\nV9BBGqDEMD3Qt4NMjsbOtkkwUQKBgQD+i5C03OliHGTAo25PGAYnoNuEKd2PK7WP\nlH84s1Fm7P/C3CI11RKY6AjaedbBwnc59S4i2qlNSm26fQqkcfKD+Dkwuwo5enhD\nicr0XBWqvWxjAWTVAGbetsSmngKBSU0csEnTgt8bSs6wvuIP9ppx4kcPTBhsZ2/G\n7qNAhoa7kQKBgQDFjGJ3b9269a0Z6EwDLXeihb+CD5/HGGeFV1oIcCcxM98Iq5kO\nW6W1bkCvzbRGrlndxaH66Pht0PT6HDy6IsIYrz+jnkzEXtIDCNcUJJ+hthFxjrXx\n/Xs31QgNIE9kL8AWGbRAi9wu05UeN+UAajEbcU4VB80vMxFOF7DV7E2q0QKBgEk1\nmNP76X/XTL7/Aj3rWfHR2PDlHZ0M5DY8bm6/XD0vEsxXhdtXwfaKXemAO10U8jeQ\nJcnOe/0H2BFX31S2lRqRrNkwIluvtqEuI1oulei6fE7pWrfMWsnZZSvKrEvE6lHC\n/ijALizqUhIRhHE06uywOOHUb/3VrhdYEUoApwWRAoGBANXr2MNxhFjwg/zZHXu+\nI3PjcbcFAeawPSKYAcB+bMD9p2xQ/dQvSYe3JaxS+6D+9c7d967pzBRce6L5qWCm\n8+xIMGfLxR2Ez7uUF3kYfl0ikNbCOuqlNqoxdhGA9R+hOoDQYqEWwMdj6Tj4+Igk\nvpHp6lbWM2KtffQzfng1nvgL\n-----END PRIVATE KEY-----\n",
            "public_key_fingerprint_md5": "b9:4e:af:bc:08:92:a3:92:47:93:98:ae:53:72:c6:85",
            "public_key_fingerprint_sha256": "SHA256:TQVSv1vopKiEG3OVIsVFV4DTQuwQxyHxxihva3/Y9Uw",
            "public_key_openssh": "ssh-rsa AAAAB3NzaC1yc2EAAAADAQABAAABAQDnKVhYudMcs26RM/MxCWoVfC24XypUppeBd2P4x3oOR/HqyRyqN0n7GzwcB5jqFyPbvXwPWYN5Xx0kry/ZqUWAAdnd4awjXYkxpXq1qxaBgyjhRyaflZUdBkQAHWykhWq0K6s3xjQFy2aYkg0YLeQYmJHCqUvzCsgUZTh3KgKiH5b3bPKdpk9NumXLywG8hn4ia425cXDr0Yy+OzwbKUciT4mH+NXFajd3IeqzuOQGEHU3LZtaRU0vLcABep2LCJi8gw5RN5lb4ILHxFUBLmkBZVGa7n1Xi4ht5cG+oByoV3TaH/W5hQKOci/jhHYLsu0sf0ZIeduYXakS+xZmJYjh\n",
            "public_key_pem": "-----BEGIN PUBLIC KEY-----\nMIIBIjANBgkqhkiG9w0BAQEFAAOCAQ8AMIIBCgKCAQEA5ylYWLnTHLNukTPzMQlq\nFXwtuF8qVKaXgXdj+Md6Dkfx6skcqjdJ+xs8HAeY6hcj2718D1mDeV8dJK8v2alF\ngAHZ3eGsI12JMaV6tasWgYMo4Ucmn5WVHQZEAB1spIVqtCurN8Y0BctmmJINGC3k\nGJiRwqlL8wrIFGU4dyoCoh+W92zynaZPTbply8sBvIZ+ImuNuXFw69GMvjs8GylH\nIk+Jh/jVxWo3dyHqs7jkBhB1Ny2bWkVNLy3AAXqdiwiYvIMOUTeZW+CCx8RVAS5p\nAWVRmu59V4uIbeXBvqAcqFd02h/1uYUCjnIv44R2C7LtLH9GSHnbmF2pEvsWZiWI\n4QIDAQAB\n-----END PUBLIC KEY-----\n",
            "rsa_bits": 2048
          },
          "sensitive_attributes": [
            [
              {
                "type": "get_attr",
                "value": "private_key_pem_pkcs8"
              }
            ],
            [
              {
                "type": "get_attr",
                "value": "private_key_pem"
              }
            ],
            [
              {
                "type": "get_attr",
                "value": "private_key_openssh"
              }
            ]
          ]
        }
      ]
    },
    {
      "module": "module.vpc",
      "mode": "managed",
      "type": "aws_default_network_acl",
      "name": "this",
      "provider": "provider[\"registry.terraform.io/hashicorp/aws\"]",
      "instances": [
        {
          "index_key": 0,
          "schema_version": 0,
          "attributes": {
            "arn": "arn:aws:ec2:us-east-1:992382780355:network-acl/acl-033dd4129c1c44dea",
            "default_network_acl_id": "acl-033dd4129c1c44dea",
            "egress": [
              {
                "action": "allow",
                "cidr_block": "",
                "from_port": 0,
                "icmp_code": null,
                "icmp_type": null,
                "ipv6_cidr_block": "::/0",
                "protocol": "-1",
                "rule_no": 101,
                "to_port": 0
              },
              {
                "action": "allow",
                "cidr_block": "0.0.0.0/0",
                "from_port": 0,
                "icmp_code": null,
                "icmp_type": null,
                "ipv6_cidr_block": "",
                "protocol": "-1",
                "rule_no": 100,
                "to_port": 0
              }
            ],
            "id": "acl-033dd4129c1c44dea",
            "ingress": [
              {
                "action": "allow",
                "cidr_block": "",
                "from_port": 0,
                "icmp_code": null,
                "icmp_type": null,
                "ipv6_cidr_block": "::/0",
                "protocol": "-1",
                "rule_no": 101,
                "to_port": 0
              },
              {
                "action": "allow",
                "cidr_block": "0.0.0.0/0",
                "from_port": 0,
                "icmp_code": null,
                "icmp_type": null,
                "ipv6_cidr_block": "",
                "protocol": "-1",
                "rule_no": 100,
                "to_port": 0
              }
            ],
            "owner_id": "992382780355",
            "subnet_ids": [
              "subnet-043e3b2c15df11bc5",
              "subnet-09aaf8f2bbff61f92",
              "subnet-0d12b1d8013d03bbb",
              "subnet-0fa47eaae28bfb82e"
            ],
            "tags": {
              "Environment": "dev",
              "Name": "DevOps-vpc-default",
              "Terraform": "true"
            },
            "tags_all": {
              "Environment": "dev",
              "Name": "DevOps-vpc-default",
              "Terraform": "true"
            },
            "vpc_id": "vpc-04e095d56964129ae"
          },
          "sensitive_attributes": [],
          "private": "bnVsbA==",
          "dependencies": [
            "module.vpc.aws_vpc.this"
          ]
        }
      ]
    },
    {
      "module": "module.vpc",
      "mode": "managed",
      "type": "aws_default_route_table",
      "name": "default",
      "provider": "provider[\"registry.terraform.io/hashicorp/aws\"]",
      "instances": [
        {
          "index_key": 0,
          "schema_version": 0,
          "attributes": {
            "arn": "arn:aws:ec2:us-east-1:992382780355:route-table/rtb-02b33df3d6e8332b8",
            "default_route_table_id": "rtb-02b33df3d6e8332b8",
            "id": "rtb-02b33df3d6e8332b8",
            "owner_id": "992382780355",
            "propagating_vgws": null,
            "route": [],
            "tags": {
              "Environment": "dev",
              "Name": "DevOps-vpc-default",
              "Terraform": "true"
            },
            "tags_all": {
              "Environment": "dev",
              "Name": "DevOps-vpc-default",
              "Terraform": "true"
            },
            "timeouts": {
              "create": "5m",
              "update": "5m"
            },
            "vpc_id": "vpc-04e095d56964129ae"
          },
          "sensitive_attributes": [],
          "private": "eyJlMmJmYjczMC1lY2FhLTExZTYtOGY4OC0zNDM2M2JjN2M0YzAiOnsiY3JlYXRlIjozMDAwMDAwMDAwMDAsInVwZGF0ZSI6MzAwMDAwMDAwMDAwfX0=",
          "dependencies": [
            "module.vpc.aws_vpc.this"
          ]
        }
      ]
    },
    {
      "module": "module.vpc",
      "mode": "managed",
      "type": "aws_default_security_group",
      "name": "this",
      "provider": "provider[\"registry.terraform.io/hashicorp/aws\"]",
      "instances": [
        {
          "index_key": 0,
          "schema_version": 1,
          "attributes": {
            "arn": "arn:aws:ec2:us-east-1:992382780355:security-group/sg-09b58e88ba3a92183",
            "description": "default VPC security group",
            "egress": [],
            "id": "sg-09b58e88ba3a92183",
            "ingress": [],
            "name": "default",
            "name_prefix": "",
            "owner_id": "992382780355",
            "revoke_rules_on_delete": false,
            "tags": {
              "Environment": "dev",
              "Name": "DevOps-vpc-default",
              "Terraform": "true"
            },
            "tags_all": {
              "Environment": "dev",
              "Name": "DevOps-vpc-default",
              "Terraform": "true"
            },
            "vpc_id": "vpc-04e095d56964129ae"
          },
          "sensitive_attributes": [],
          "private": "eyJzY2hlbWFfdmVyc2lvbiI6IjEifQ==",
          "dependencies": [
            "module.vpc.aws_vpc.this"
          ]
        }
      ]
    },
    {
      "module": "module.vpc",
      "mode": "managed",
      "type": "aws_internet_gateway",
      "name": "this",
      "provider": "provider[\"registry.terraform.io/hashicorp/aws\"]",
      "instances": [
        {
          "index_key": 0,
          "schema_version": 0,
          "attributes": {
            "arn": "arn:aws:ec2:us-east-1:992382780355:internet-gateway/igw-01e2fea7d0f21b710",
            "id": "igw-01e2fea7d0f21b710",
            "owner_id": "992382780355",
            "tags": {
              "Environment": "dev",
              "Name": "DevOps-vpc",
              "Terraform": "true"
            },
            "tags_all": {
              "Environment": "dev",
              "Name": "DevOps-vpc",
              "Terraform": "true"
            },
            "timeouts": null,
            "vpc_id": "vpc-04e095d56964129ae"
          },
          "sensitive_attributes": [],
          "private": "eyJlMmJmYjczMC1lY2FhLTExZTYtOGY4OC0zNDM2M2JjN2M0YzAiOnsiY3JlYXRlIjoxMjAwMDAwMDAwMDAwLCJkZWxldGUiOjEyMDAwMDAwMDAwMDAsInVwZGF0ZSI6MTIwMDAwMDAwMDAwMH19",
          "dependencies": [
            "module.vpc.aws_vpc.this",
            "module.vpc.aws_vpc_ipv4_cidr_block_association.this"
          ]
        }
      ]
    },
    {
      "module": "module.vpc",
      "mode": "managed",
      "type": "aws_route",
      "name": "public_internet_gateway",
      "provider": "provider[\"registry.terraform.io/hashicorp/aws\"]",
      "instances": [
        {
          "index_key": 0,
          "schema_version": 0,
          "attributes": {
            "carrier_gateway_id": "",
            "core_network_arn": "",
            "destination_cidr_block": "0.0.0.0/0",
            "destination_ipv6_cidr_block": "",
            "destination_prefix_list_id": "",
            "egress_only_gateway_id": "",
            "gateway_id": "igw-01e2fea7d0f21b710",
            "id": "r-rtb-015d4ac4f155d10e71080289494",
            "instance_id": "",
            "instance_owner_id": "",
            "local_gateway_id": "",
            "nat_gateway_id": "",
            "network_interface_id": "",
            "origin": "CreateRoute",
            "route_table_id": "rtb-015d4ac4f155d10e7",
            "state": "active",
            "timeouts": {
              "create": "5m",
              "delete": null,
              "update": null
            },
            "transit_gateway_id": "",
            "vpc_endpoint_id": "",
            "vpc_peering_connection_id": ""
          },
          "sensitive_attributes": [],
          "private": "eyJlMmJmYjczMC1lY2FhLTExZTYtOGY4OC0zNDM2M2JjN2M0YzAiOnsiY3JlYXRlIjozMDAwMDAwMDAwMDAsImRlbGV0ZSI6MzAwMDAwMDAwMDAwLCJ1cGRhdGUiOjEyMDAwMDAwMDAwMH19",
          "dependencies": [
            "module.vpc.aws_internet_gateway.this",
            "module.vpc.aws_route_table.public",
            "module.vpc.aws_vpc.this",
            "module.vpc.aws_vpc_ipv4_cidr_block_association.this"
          ]
        }
      ]
    },
    {
      "module": "module.vpc",
      "mode": "managed",
      "type": "aws_route_table",
      "name": "private",
      "provider": "provider[\"registry.terraform.io/hashicorp/aws\"]",
      "instances": [
        {
          "index_key": 0,
          "schema_version": 0,
          "attributes": {
            "arn": "arn:aws:ec2:us-east-1:992382780355:route-table/rtb-095844f5ead2f0811",
            "id": "rtb-095844f5ead2f0811",
            "owner_id": "992382780355",
            "propagating_vgws": [],
            "route": [],
            "tags": {
              "Environment": "dev",
              "Name": "DevOps-vpc-private-us-east-1a",
              "Terraform": "true"
            },
            "tags_all": {
              "Environment": "dev",
              "Name": "DevOps-vpc-private-us-east-1a",
              "Terraform": "true"
            },
            "timeouts": null,
            "vpc_id": "vpc-04e095d56964129ae"
          },
          "sensitive_attributes": [],
          "private": "eyJlMmJmYjczMC1lY2FhLTExZTYtOGY4OC0zNDM2M2JjN2M0YzAiOnsiY3JlYXRlIjozMDAwMDAwMDAwMDAsImRlbGV0ZSI6MzAwMDAwMDAwMDAwLCJ1cGRhdGUiOjEyMDAwMDAwMDAwMH19",
          "dependencies": [
            "module.vpc.aws_vpc.this",
            "module.vpc.aws_vpc_ipv4_cidr_block_association.this"
          ]
        },
        {
          "index_key": 1,
          "schema_version": 0,
          "attributes": {
            "arn": "arn:aws:ec2:us-east-1:992382780355:route-table/rtb-0eef47fd20e037187",
            "id": "rtb-0eef47fd20e037187",
            "owner_id": "992382780355",
            "propagating_vgws": [],
            "route": [],
            "tags": {
              "Environment": "dev",
              "Name": "DevOps-vpc-private-us-east-1b",
              "Terraform": "true"
            },
            "tags_all": {
              "Environment": "dev",
              "Name": "DevOps-vpc-private-us-east-1b",
              "Terraform": "true"
            },
            "timeouts": null,
            "vpc_id": "vpc-04e095d56964129ae"
          },
          "sensitive_attributes": [],
          "private": "eyJlMmJmYjczMC1lY2FhLTExZTYtOGY4OC0zNDM2M2JjN2M0YzAiOnsiY3JlYXRlIjozMDAwMDAwMDAwMDAsImRlbGV0ZSI6MzAwMDAwMDAwMDAwLCJ1cGRhdGUiOjEyMDAwMDAwMDAwMH19",
          "dependencies": [
            "module.vpc.aws_vpc.this",
            "module.vpc.aws_vpc_ipv4_cidr_block_association.this"
          ]
        }
      ]
    },
    {
      "module": "module.vpc",
      "mode": "managed",
      "type": "aws_route_table",
      "name": "public",
      "provider": "provider[\"registry.terraform.io/hashicorp/aws\"]",
      "instances": [
        {
          "index_key": 0,
          "schema_version": 0,
          "attributes": {
            "arn": "arn:aws:ec2:us-east-1:992382780355:route-table/rtb-015d4ac4f155d10e7",
            "id": "rtb-015d4ac4f155d10e7",
            "owner_id": "992382780355",
            "propagating_vgws": [],
            "route": [],
            "tags": {
              "Environment": "dev",
              "Name": "DevOps-vpc-public",
              "Terraform": "true"
            },
            "tags_all": {
              "Environment": "dev",
              "Name": "DevOps-vpc-public",
              "Terraform": "true"
            },
            "timeouts": null,
            "vpc_id": "vpc-04e095d56964129ae"
          },
          "sensitive_attributes": [],
          "private": "eyJlMmJmYjczMC1lY2FhLTExZTYtOGY4OC0zNDM2M2JjN2M0YzAiOnsiY3JlYXRlIjozMDAwMDAwMDAwMDAsImRlbGV0ZSI6MzAwMDAwMDAwMDAwLCJ1cGRhdGUiOjEyMDAwMDAwMDAwMH19",
          "dependencies": [
            "module.vpc.aws_vpc.this",
            "module.vpc.aws_vpc_ipv4_cidr_block_association.this"
          ]
        }
      ]
    },
    {
      "module": "module.vpc",
      "mode": "managed",
      "type": "aws_route_table_association",
      "name": "private",
      "provider": "provider[\"registry.terraform.io/hashicorp/aws\"]",
      "instances": [
        {
          "index_key": 0,
          "schema_version": 0,
          "attributes": {
            "gateway_id": "",
            "id": "rtbassoc-090fb786bfdfcd9fd",
            "route_table_id": "rtb-095844f5ead2f0811",
            "subnet_id": "subnet-0d12b1d8013d03bbb",
            "timeouts": null
          },
          "sensitive_attributes": [],
          "private": "eyJlMmJmYjczMC1lY2FhLTExZTYtOGY4OC0zNDM2M2JjN2M0YzAiOnsiY3JlYXRlIjozMDAwMDAwMDAwMDAsImRlbGV0ZSI6MzAwMDAwMDAwMDAwLCJ1cGRhdGUiOjEyMDAwMDAwMDAwMH19",
          "dependencies": [
            "module.vpc.aws_route_table.private",
            "module.vpc.aws_subnet.private",
            "module.vpc.aws_vpc.this",
            "module.vpc.aws_vpc_ipv4_cidr_block_association.this"
          ]
        },
        {
          "index_key": 1,
          "schema_version": 0,
          "attributes": {
            "gateway_id": "",
            "id": "rtbassoc-0e67f6bc61f28bf78",
            "route_table_id": "rtb-0eef47fd20e037187",
            "subnet_id": "subnet-09aaf8f2bbff61f92",
            "timeouts": null
          },
          "sensitive_attributes": [],
          "private": "eyJlMmJmYjczMC1lY2FhLTExZTYtOGY4OC0zNDM2M2JjN2M0YzAiOnsiY3JlYXRlIjozMDAwMDAwMDAwMDAsImRlbGV0ZSI6MzAwMDAwMDAwMDAwLCJ1cGRhdGUiOjEyMDAwMDAwMDAwMH19",
          "dependencies": [
            "module.vpc.aws_route_table.private",
            "module.vpc.aws_subnet.private",
            "module.vpc.aws_vpc.this",
            "module.vpc.aws_vpc_ipv4_cidr_block_association.this"
          ]
        }
      ]
    },
    {
      "module": "module.vpc",
      "mode": "managed",
      "type": "aws_route_table_association",
      "name": "public",
      "provider": "provider[\"registry.terraform.io/hashicorp/aws\"]",
      "instances": [
        {
          "index_key": 0,
          "schema_version": 0,
          "attributes": {
            "gateway_id": "",
            "id": "rtbassoc-0e94100d124cf0821",
            "route_table_id": "rtb-015d4ac4f155d10e7",
            "subnet_id": "subnet-043e3b2c15df11bc5",
            "timeouts": null
          },
          "sensitive_attributes": [],
          "private": "eyJlMmJmYjczMC1lY2FhLTExZTYtOGY4OC0zNDM2M2JjN2M0YzAiOnsiY3JlYXRlIjozMDAwMDAwMDAwMDAsImRlbGV0ZSI6MzAwMDAwMDAwMDAwLCJ1cGRhdGUiOjEyMDAwMDAwMDAwMH19",
          "dependencies": [
            "module.vpc.aws_route_table.public",
            "module.vpc.aws_subnet.public",
            "module.vpc.aws_vpc.this",
            "module.vpc.aws_vpc_ipv4_cidr_block_association.this"
          ]
        },
        {
          "index_key": 1,
          "schema_version": 0,
          "attributes": {
            "gateway_id": "",
            "id": "rtbassoc-03d1e0816321659d8",
            "route_table_id": "rtb-015d4ac4f155d10e7",
            "subnet_id": "subnet-0fa47eaae28bfb82e",
            "timeouts": null
          },
          "sensitive_attributes": [],
          "private": "eyJlMmJmYjczMC1lY2FhLTExZTYtOGY4OC0zNDM2M2JjN2M0YzAiOnsiY3JlYXRlIjozMDAwMDAwMDAwMDAsImRlbGV0ZSI6MzAwMDAwMDAwMDAwLCJ1cGRhdGUiOjEyMDAwMDAwMDAwMH19",
          "dependencies": [
            "module.vpc.aws_route_table.public",
            "module.vpc.aws_subnet.public",
            "module.vpc.aws_vpc.this",
            "module.vpc.aws_vpc_ipv4_cidr_block_association.this"
          ]
        }
      ]
    },
    {
      "module": "module.vpc",
      "mode": "managed",
      "type": "aws_subnet",
      "name": "private",
      "provider": "provider[\"registry.terraform.io/hashicorp/aws\"]",
      "instances": [
        {
          "index_key": 0,
          "schema_version": 1,
          "attributes": {
            "arn": "arn:aws:ec2:us-east-1:992382780355:subnet/subnet-0d12b1d8013d03bbb",
            "assign_ipv6_address_on_creation": false,
            "availability_zone": "us-east-1a",
            "availability_zone_id": "use1-az4",
            "cidr_block": "10.0.1.0/24",
            "customer_owned_ipv4_pool": "",
            "enable_dns64": false,
            "enable_lni_at_device_index": 0,
            "enable_resource_name_dns_a_record_on_launch": false,
            "enable_resource_name_dns_aaaa_record_on_launch": false,
            "id": "subnet-0d12b1d8013d03bbb",
            "ipv6_cidr_block": "",
            "ipv6_cidr_block_association_id": "",
            "ipv6_native": false,
            "map_customer_owned_ip_on_launch": false,
            "map_public_ip_on_launch": false,
            "outpost_arn": "",
            "owner_id": "992382780355",
            "private_dns_hostname_type_on_launch": "ip-name",
            "tags": {
              "Environment": "dev",
              "Name": "DevOps-vpc-private-us-east-1a",
              "Terraform": "true"
            },
            "tags_all": {
              "Environment": "dev",
              "Name": "DevOps-vpc-private-us-east-1a",
              "Terraform": "true"
            },
            "timeouts": null,
            "vpc_id": "vpc-04e095d56964129ae"
          },
          "sensitive_attributes": [],
          "private": "eyJlMmJmYjczMC1lY2FhLTExZTYtOGY4OC0zNDM2M2JjN2M0YzAiOnsiY3JlYXRlIjo2MDAwMDAwMDAwMDAsImRlbGV0ZSI6MTIwMDAwMDAwMDAwMH0sInNjaGVtYV92ZXJzaW9uIjoiMSJ9",
          "dependencies": [
            "module.vpc.aws_vpc.this",
            "module.vpc.aws_vpc_ipv4_cidr_block_association.this"
          ]
        },
        {
          "index_key": 1,
          "schema_version": 1,
          "attributes": {
            "arn": "arn:aws:ec2:us-east-1:992382780355:subnet/subnet-09aaf8f2bbff61f92",
            "assign_ipv6_address_on_creation": false,
            "availability_zone": "us-east-1b",
            "availability_zone_id": "use1-az6",
            "cidr_block": "10.0.2.0/24",
            "customer_owned_ipv4_pool": "",
            "enable_dns64": false,
            "enable_lni_at_device_index": 0,
            "enable_resource_name_dns_a_record_on_launch": false,
            "enable_resource_name_dns_aaaa_record_on_launch": false,
            "id": "subnet-09aaf8f2bbff61f92",
            "ipv6_cidr_block": "",
            "ipv6_cidr_block_association_id": "",
            "ipv6_native": false,
            "map_customer_owned_ip_on_launch": false,
            "map_public_ip_on_launch": false,
            "outpost_arn": "",
            "owner_id": "992382780355",
            "private_dns_hostname_type_on_launch": "ip-name",
            "tags": {
              "Environment": "dev",
              "Name": "DevOps-vpc-private-us-east-1b",
              "Terraform": "true"
            },
            "tags_all": {
              "Environment": "dev",
              "Name": "DevOps-vpc-private-us-east-1b",
              "Terraform": "true"
            },
            "timeouts": null,
            "vpc_id": "vpc-04e095d56964129ae"
          },
          "sensitive_attributes": [],
          "private": "eyJlMmJmYjczMC1lY2FhLTExZTYtOGY4OC0zNDM2M2JjN2M0YzAiOnsiY3JlYXRlIjo2MDAwMDAwMDAwMDAsImRlbGV0ZSI6MTIwMDAwMDAwMDAwMH0sInNjaGVtYV92ZXJzaW9uIjoiMSJ9",
          "dependencies": [
            "module.vpc.aws_vpc.this",
            "module.vpc.aws_vpc_ipv4_cidr_block_association.this"
          ]
        }
      ]
    },
    {
      "module": "module.vpc",
      "mode": "managed",
      "type": "aws_subnet",
      "name": "public",
      "provider": "provider[\"registry.terraform.io/hashicorp/aws\"]",
      "instances": [
        {
          "index_key": 0,
          "schema_version": 1,
          "attributes": {
            "arn": "arn:aws:ec2:us-east-1:992382780355:subnet/subnet-043e3b2c15df11bc5",
            "assign_ipv6_address_on_creation": false,
            "availability_zone": "us-east-1a",
            "availability_zone_id": "use1-az4",
            "cidr_block": "10.0.101.0/24",
            "customer_owned_ipv4_pool": "",
            "enable_dns64": false,
            "enable_lni_at_device_index": 0,
            "enable_resource_name_dns_a_record_on_launch": false,
            "enable_resource_name_dns_aaaa_record_on_launch": false,
            "id": "subnet-043e3b2c15df11bc5",
            "ipv6_cidr_block": "",
            "ipv6_cidr_block_association_id": "",
            "ipv6_native": false,
            "map_customer_owned_ip_on_launch": false,
            "map_public_ip_on_launch": false,
            "outpost_arn": "",
            "owner_id": "992382780355",
            "private_dns_hostname_type_on_launch": "ip-name",
            "tags": {
              "Environment": "dev",
              "Name": "DevOps-vpc-public-us-east-1a",
              "Terraform": "true"
            },
            "tags_all": {
              "Environment": "dev",
              "Name": "DevOps-vpc-public-us-east-1a",
              "Terraform": "true"
            },
            "timeouts": null,
            "vpc_id": "vpc-04e095d56964129ae"
          },
          "sensitive_attributes": [],
          "private": "eyJlMmJmYjczMC1lY2FhLTExZTYtOGY4OC0zNDM2M2JjN2M0YzAiOnsiY3JlYXRlIjo2MDAwMDAwMDAwMDAsImRlbGV0ZSI6MTIwMDAwMDAwMDAwMH0sInNjaGVtYV92ZXJzaW9uIjoiMSJ9",
          "dependencies": [
            "module.vpc.aws_vpc.this",
            "module.vpc.aws_vpc_ipv4_cidr_block_association.this"
          ]
        },
        {
          "index_key": 1,
          "schema_version": 1,
          "attributes": {
            "arn": "arn:aws:ec2:us-east-1:992382780355:subnet/subnet-0fa47eaae28bfb82e",
            "assign_ipv6_address_on_creation": false,
            "availability_zone": "us-east-1b",
            "availability_zone_id": "use1-az6",
            "cidr_block": "10.0.102.0/24",
            "customer_owned_ipv4_pool": "",
            "enable_dns64": false,
            "enable_lni_at_device_index": 0,
            "enable_resource_name_dns_a_record_on_launch": false,
            "enable_resource_name_dns_aaaa_record_on_launch": false,
            "id": "subnet-0fa47eaae28bfb82e",
            "ipv6_cidr_block": "",
            "ipv6_cidr_block_association_id": "",
            "ipv6_native": false,
            "map_customer_owned_ip_on_launch": false,
            "map_public_ip_on_launch": false,
            "outpost_arn": "",
            "owner_id": "992382780355",
            "private_dns_hostname_type_on_launch": "ip-name",
            "tags": {
              "Environment": "dev",
              "Name": "DevOps-vpc-public-us-east-1b",
              "Terraform": "true"
            },
            "tags_all": {
              "Environment": "dev",
              "Name": "DevOps-vpc-public-us-east-1b",
              "Terraform": "true"
            },
            "timeouts": null,
            "vpc_id": "vpc-04e095d56964129ae"
          },
          "sensitive_attributes": [],
          "private": "eyJlMmJmYjczMC1lY2FhLTExZTYtOGY4OC0zNDM2M2JjN2M0YzAiOnsiY3JlYXRlIjo2MDAwMDAwMDAwMDAsImRlbGV0ZSI6MTIwMDAwMDAwMDAwMH0sInNjaGVtYV92ZXJzaW9uIjoiMSJ9",
          "dependencies": [
            "module.vpc.aws_vpc.this",
            "module.vpc.aws_vpc_ipv4_cidr_block_association.this"
          ]
        }
      ]
    },
    {
      "module": "module.vpc",
      "mode": "managed",
      "type": "aws_vpc",
      "name": "this",
      "provider": "provider[\"registry.terraform.io/hashicorp/aws\"]",
      "instances": [
        {
          "index_key": 0,
          "schema_version": 1,
          "attributes": {
            "arn": "arn:aws:ec2:us-east-1:992382780355:vpc/vpc-04e095d56964129ae",
            "assign_generated_ipv6_cidr_block": false,
            "cidr_block": "10.0.0.0/16",
            "default_network_acl_id": "acl-033dd4129c1c44dea",
            "default_route_table_id": "rtb-02b33df3d6e8332b8",
            "default_security_group_id": "sg-09b58e88ba3a92183",
            "dhcp_options_id": "dopt-0d8aebe7aaf5c06e8",
            "enable_dns_hostnames": true,
            "enable_dns_support": true,
            "enable_network_address_usage_metrics": false,
            "id": "vpc-04e095d56964129ae",
            "instance_tenancy": "default",
            "ipv4_ipam_pool_id": null,
            "ipv4_netmask_length": null,
            "ipv6_association_id": "",
            "ipv6_cidr_block": "",
            "ipv6_cidr_block_network_border_group": "",
            "ipv6_ipam_pool_id": "",
            "ipv6_netmask_length": 0,
            "main_route_table_id": "rtb-02b33df3d6e8332b8",
            "owner_id": "992382780355",
            "tags": {
              "Environment": "dev",
              "Name": "DevOps-vpc",
              "Terraform": "true"
            },
            "tags_all": {
              "Environment": "dev",
              "Name": "DevOps-vpc",
              "Terraform": "true"
            }
          },
          "sensitive_attributes": [],
          "private": "eyJzY2hlbWFfdmVyc2lvbiI6IjEifQ=="
        }
      ]
    }
  ],
  "check_results": null
}
